{
    "requires": true,
    "lockfileVersion": 1,
    "dependencies": {
        "vue-multiselect": {
            "version": "2.0.8",
            "resolved": "https://registry.npmjs.org/vue-multiselect/-/vue-multiselect-2.0.8.tgz",
            "integrity": "sha512-OKdWOwCLXiDGHVaYqWZXx4s2YNqOmfIqFMTd0Y3SzCcFIp19d7UeLB4UVZvIHammzMX4qrQ3yAzNHJmE0ApgHA=="
        },
        "vue-router": {
            "version": "3.0.1",
            "resolved": "https://registry.npmjs.org/vue-router/-/vue-router-3.0.1.tgz",
            "integrity": "sha512-vLLoY452L+JBpALMP5UHum9+7nzR9PeIBCghU9ZtJ1eWm6ieUI8Zb/DI3MYxH32bxkjzYV1LRjNv4qr8d+uX/w=="
        }
    }
}
